
Microsoft Visual Studio Solution File, Format Version 12.00
# Visual Studio Version 17
VisualStudioVersion = 17.0.31903.59
MinimumVisualStudioVersion = 10.0.40219.1
Project("{2150E333-8FDC-42A3-9474-1A3956D46DE8}") = "src", "src", "{B1D106A4-8404-4501-8B0F-B9ABFA141A76}"
EndProject
Project("{FAE04EC0-301F-11D3-BF4B-00C04F79EFBC}") = "ScrapeAAS.Contracts", "src\ScrapeAAS.Contracts\ScrapeAAS.Contracts.csproj", "{B53AA17E-9D54-4FC8-8D02-9D968C5FF6A3}"
EndProject
Project("{FAE04EC0-301F-11D3-BF4B-00C04F79EFBC}") = "ScrapeAAS", "src\ScrapeAAS\ScrapeAAS.csproj", "{56689E21-58D5-4779-A4F9-E8807F516424}"
EndProject
Project("{FAE04EC0-301F-11D3-BF4B-00C04F79EFBC}") = "ScrapeAAS.AngleSharp", "src\ScrapeAAS.AngleSharp\ScrapeAAS.AngleSharp.csproj", "{CF1218A7-A212-416C-A87A-BA87C0D37F8A}"
EndProject
Project("{FAE04EC0-301F-11D3-BF4B-00C04F79EFBC}") = "ScrapeAAS.PuppeteerSharp", "src\ScrapeAAS.PuppeteerSharp\ScrapeAAS.PuppeteerSharp.csproj", "{AF53E35D-ED10-474D-9FB0-E6B6A720E7EC}"
EndProject
Project("{FAE04EC0-301F-11D3-BF4B-00C04F79EFBC}") = "ScrapeAAS.MessagePipe", "src\ScrapeAAS.MessagePipe\ScrapeAAS.MessagePipe.csproj", "{B8DFD6F9-53B1-483E-9C18-3C18EBB1A4C9}"
EndProject
Project("{FAE04EC0-301F-11D3-BF4B-00C04F79EFBC}") = "ScrapeAAS.InMemory", "src\ScrapeAAS.InMemory\ScrapeAAS.InMemory.csproj", "{C4CDECAD-DC24-4267-ABA0-AB1F3498545D}"
EndProject
Project("{2150E333-8FDC-42A3-9474-1A3956D46DE8}") = "examples", "examples", "{A69BB064-E0B6-4765-8145-368D230DC914}"
EndProject
Project("{FAE04EC0-301F-11D3-BF4B-00C04F79EFBC}") = "RedditDotnetScraper", "examples\RedditDotnetScraper\RedditDotnetScraper.csproj", "{A4472CF9-0250-4495-BD33-427A34150EA4}"
EndProject
Global
	GlobalSection(SolutionConfigurationPlatforms) = preSolution
		Debug|Any CPU = Debug|Any CPU
		Release|Any CPU = Release|Any CPU
	EndGlobalSection
	GlobalSection(SolutionProperties) = preSolution
		HideSolutionNode = FALSE
	EndGlobalSection
	GlobalSection(ProjectConfigurationPlatforms) = postSolution
		{B53AA17E-9D54-4FC8-8D02-9D968C5FF6A3}.Debug|Any CPU.ActiveCfg = Debug|Any CPU
		{B53AA17E-9D54-4FC8-8D02-9D968C5FF6A3}.Debug|Any CPU.Build.0 = Debug|Any CPU
		{B53AA17E-9D54-4FC8-8D02-9D968C5FF6A3}.Release|Any CPU.ActiveCfg = Release|Any CPU
		{B53AA17E-9D54-4FC8-8D02-9D968C5FF6A3}.Release|Any CPU.Build.0 = Release|Any CPU
		{56689E21-58D5-4779-A4F9-E8807F516424}.Debug|Any CPU.ActiveCfg = Debug|Any CPU
		{56689E21-58D5-4779-A4F9-E8807F516424}.Debug|Any CPU.Build.0 = Debug|Any CPU
		{56689E21-58D5-4779-A4F9-E8807F516424}.Release|Any CPU.ActiveCfg = Release|Any CPU
		{56689E21-58D5-4779-A4F9-E8807F516424}.Release|Any CPU.Build.0 = Release|Any CPU
		{CF1218A7-A212-416C-A87A-BA87C0D37F8A}.Debug|Any CPU.ActiveCfg = Debug|Any CPU
		{CF1218A7-A212-416C-A87A-BA87C0D37F8A}.Debug|Any CPU.Build.0 = Debug|Any CPU
		{CF1218A7-A212-416C-A87A-BA87C0D37F8A}.Release|Any CPU.ActiveCfg = Release|Any CPU
		{CF1218A7-A212-416C-A87A-BA87C0D37F8A}.Release|Any CPU.Build.0 = Release|Any CPU
		{AF53E35D-ED10-474D-9FB0-E6B6A720E7EC}.Debug|Any CPU.ActiveCfg = Debug|Any CPU
		{AF53E35D-ED10-474D-9FB0-E6B6A720E7EC}.Debug|Any CPU.Build.0 = Debug|Any CPU
		{AF53E35D-ED10-474D-9FB0-E6B6A720E7EC}.Release|Any CPU.ActiveCfg = Release|Any CPU
		{AF53E35D-ED10-474D-9FB0-E6B6A720E7EC}.Release|Any CPU.Build.0 = Release|Any CPU
		{B8DFD6F9-53B1-483E-9C18-3C18EBB1A4C9}.Debug|Any CPU.ActiveCfg = Debug|Any CPU
		{B8DFD6F9-53B1-483E-9C18-3C18EBB1A4C9}.Debug|Any CPU.Build.0 = Debug|Any CPU
		{B8DFD6F9-53B1-483E-9C18-3C18EBB1A4C9}.Release|Any CPU.ActiveCfg = Release|Any CPU
		{B8DFD6F9-53B1-483E-9C18-3C18EBB1A4C9}.Release|Any CPU.Build.0 = Release|Any CPU
		{C4CDECAD-DC24-4267-ABA0-AB1F3498545D}.Debug|Any CPU.ActiveCfg = Debug|Any CPU
		{C4CDECAD-DC24-4267-ABA0-AB1F3498545D}.Debug|Any CPU.Build.0 = Debug|Any CPU
		{C4CDECAD-DC24-4267-ABA0-AB1F3498545D}.Release|Any CPU.ActiveCfg = Release|Any CPU
		{C4CDECAD-DC24-4267-ABA0-AB1F3498545D}.Release|Any CPU.Build.0 = Release|Any CPU
		{A4472CF9-0250-4495-BD33-427A34150EA4}.Debug|Any CPU.ActiveCfg = Debug|Any CPU
		{A4472CF9-0250-4495-BD33-427A34150EA4}.Debug|Any CPU.Build.0 = Debug|Any CPU
		{A4472CF9-0250-4495-BD33-427A34150EA4}.Release|Any CPU.ActiveCfg = Release|Any CPU
		{A4472CF9-0250-4495-BD33-427A34150EA4}.Release|Any CPU.Build.0 = Release|Any CPU
	EndGlobalSection
	GlobalSection(NestedProjects) = preSolution
		{B53AA17E-9D54-4FC8-8D02-9D968C5FF6A3} = {B1D106A4-8404-4501-8B0F-B9ABFA141A76}
		{56689E21-58D5-4779-A4F9-E8807F516424} = {B1D106A4-8404-4501-8B0F-B9ABFA141A76}
		{CF1218A7-A212-416C-A87A-BA87C0D37F8A} = {B1D106A4-8404-4501-8B0F-B9ABFA141A76}
		{AF53E35D-ED10-474D-9FB0-E6B6A720E7EC} = {B1D106A4-8404-4501-8B0F-B9ABFA141A76}
		{B8DFD6F9-53B1-483E-9C18-3C18EBB1A4C9} = {B1D106A4-8404-4501-8B0F-B9ABFA141A76}
		{C4CDECAD-DC24-4267-ABA0-AB1F3498545D} = {B1D106A4-8404-4501-8B0F-B9ABFA141A76}
		{A4472CF9-0250-4495-BD33-427A34150EA4} = {A69BB064-E0B6-4765-8145-368D230DC914}
	EndGlobalSection
EndGlobal
